
Microsoft Visual Studio Solution File, Format Version 12.00
# Visual Studio Version 16
VisualStudioVersion = 16.0.29215.179
MinimumVisualStudioVersion = 10.0.40219.1
Project("{9A19103F-16F7-4668-BE54-9A1E7A4F7556}") = "StudentandTeacher", "OOP\StudentandTeacher.csproj", "{3F190091-3384-4CF9-A9E4-949B0C491B5F}"
EndProject
Project("{FAE04EC0-301F-11D3-BF4B-00C04F79EFBC}") = "PhotoAlbum", "PhotoAlbum\PhotoAlbum.csproj", "{F348B0EB-1BBA-487D-9FA7-C390DCE455B2}"
EndProject
Global
	GlobalSection(SolutionConfigurationPlatforms) = preSolution
		Debug|Any CPU = Debug|Any CPU
		Release|Any CPU = Release|Any CPU
	EndGlobalSection
	GlobalSection(ProjectConfigurationPlatforms) = postSolution
		{3F190091-3384-4CF9-A9E4-949B0C491B5F}.Debug|Any CPU.ActiveCfg = Debug|Any CPU
		{3F190091-3384-4CF9-A9E4-949B0C491B5F}.Debug|Any CPU.Build.0 = Debug|Any CPU
		{3F190091-3384-4CF9-A9E4-949B0C491B5F}.Release|Any CPU.ActiveCfg = Release|Any CPU
		{3F190091-3384-4CF9-A9E4-949B0C491B5F}.Release|Any CPU.Build.0 = Release|Any CPU
		{F348B0EB-1BBA-487D-9FA7-C390DCE455B2}.Debug|Any CPU.ActiveCfg = Debug|Any CPU
		{F348B0EB-1BBA-487D-9FA7-C390DCE455B2}.Debug|Any CPU.Build.0 = Debug|Any CPU
		{F348B0EB-1BBA-487D-9FA7-C390DCE455B2}.Release|Any CPU.ActiveCfg = Release|Any CPU
		{F348B0EB-1BBA-487D-9FA7-C390DCE455B2}.Release|Any CPU.Build.0 = Release|Any CPU
	EndGlobalSection
	GlobalSection(SolutionProperties) = preSolution
		HideSolutionNode = FALSE
	EndGlobalSection
	GlobalSection(ExtensibilityGlobals) = postSolution
		SolutionGuid = {30D8A749-892F-4E57-9521-C06ABF091845}
	EndGlobalSection
EndGlobal
